
Microsoft Visual Studio Solution File, Format Version 12.00
# Visual Studio Version 16
VisualStudioVersion = 16.0.28729.10
MinimumVisualStudioVersion = 10.0.40219.1
Project("{FAE04EC0-301F-11D3-BF4B-00C04F79EFBC}") = "NUnitTestTstk", "NUnitTestTstk\NUnitTestTstk.csproj", "{5D7FA7C1-B5E9-4735-BBA7-7CBC9633E9F9}"
EndProject
Global
	GlobalSection(SolutionConfigurationPlatforms) = preSolution
		Debug|Any CPU = Debug|Any CPU
		Release|Any CPU = Release|Any CPU
	EndGlobalSection
	GlobalSection(ProjectConfigurationPlatforms) = postSolution
		{5D7FA7C1-B5E9-4735-BBA7-7CBC9633E9F9}.Debug|Any CPU.ActiveCfg = Debug|Any CPU
		{5D7FA7C1-B5E9-4735-BBA7-7CBC9633E9F9}.Debug|Any CPU.Build.0 = Debug|Any CPU
		{5D7FA7C1-B5E9-4735-BBA7-7CBC9633E9F9}.Release|Any CPU.ActiveCfg = Release|Any CPU
		{5D7FA7C1-B5E9-4735-BBA7-7CBC9633E9F9}.Release|Any CPU.Build.0 = Release|Any CPU
	EndGlobalSection
	GlobalSection(SolutionProperties) = preSolution
		HideSolutionNode = FALSE
	EndGlobalSection
	GlobalSection(ExtensibilityGlobals) = postSolution
		SolutionGuid = {9D301B70-DF38-4DF7-B6FE-8B1FB3B900BB}
	EndGlobalSection
EndGlobal
